{
  "name": "tracpoll",
  "version": "1.0.0",
  "lockfileVersion": 3,
  "requires": true,
  "packages": {
    "": {
      "name": "tracpoll",
      "version": "1.0.0",
      "license": "MIT",
      "dependencies": {
        "autobase": "^6.0.0",
        "b4a": "^1.6.4",
        "compact-encoding": "^2.12.0",
        "hyperbee": "^2.20.5",
        "hyperdht": "^6.18.0",
        "hyperswarm": "^4.7.15",
        "protomux": "^3.14.0"
      }
    }
  }
}
